
Microsoft Visual Studio Solution File, Format Version 11.00
# Visual Studio 2010
Project("{FAE04EC0-301F-11D3-BF4B-00C04F79EFBC}") = "Assembly-CSharp-firstpass", "Assembly-CSharp-firstpass.csproj", "{2568a1de-887d-c392-517e-ec6b299efcdd}"
EndProject
Project("{FAE04EC0-301F-11D3-BF4B-00C04F79EFBC}") = "Assembly-CSharp", "Assembly-CSharp.csproj", "{37ce9664-a4c6-f8c9-f385-ec040cc835ac}"
EndProject
Project("{FAE04EC0-301F-11D3-BF4B-00C04F79EFBC}") = "Assembly-CSharp-Editor", "Assembly-CSharp-Editor.csproj", "{236dc8fd-58f2-d357-6a27-a8ad6501182c}"
EndProject
Global
	GlobalSection(SolutionConfigurationPlatforms) = preSolution
		Debug|Any CPU = Debug|Any CPU
		Release|Any CPU = Release|Any CPU
	EndGlobalSection
	GlobalSection(ProjectConfigurationPlatforms) = postSolution
		{2568a1de-887d-c392-517e-ec6b299efcdd}.Debug|Any CPU.ActiveCfg = Debug|Any CPU
		{2568a1de-887d-c392-517e-ec6b299efcdd}.Debug|Any CPU.Build.0 = Debug|Any CPU
		{2568a1de-887d-c392-517e-ec6b299efcdd}.Release|Any CPU.ActiveCfg = Release|Any CPU
		{2568a1de-887d-c392-517e-ec6b299efcdd}.Release|Any CPU.Build.0 = Release|Any CPU
		{37ce9664-a4c6-f8c9-f385-ec040cc835ac}.Debug|Any CPU.ActiveCfg = Debug|Any CPU
		{37ce9664-a4c6-f8c9-f385-ec040cc835ac}.Debug|Any CPU.Build.0 = Debug|Any CPU
		{37ce9664-a4c6-f8c9-f385-ec040cc835ac}.Release|Any CPU.ActiveCfg = Release|Any CPU
		{37ce9664-a4c6-f8c9-f385-ec040cc835ac}.Release|Any CPU.Build.0 = Release|Any CPU
		{236dc8fd-58f2-d357-6a27-a8ad6501182c}.Debug|Any CPU.ActiveCfg = Debug|Any CPU
		{236dc8fd-58f2-d357-6a27-a8ad6501182c}.Debug|Any CPU.Build.0 = Debug|Any CPU
		{236dc8fd-58f2-d357-6a27-a8ad6501182c}.Release|Any CPU.ActiveCfg = Release|Any CPU
		{236dc8fd-58f2-d357-6a27-a8ad6501182c}.Release|Any CPU.Build.0 = Release|Any CPU
	EndGlobalSection
	GlobalSection(SolutionProperties) = preSolution
		HideSolutionNode = FALSE
	EndGlobalSection
EndGlobal
